// !$*UTF8*$!
{
	archiveVersion = 1;
	classes = {
	};
	objectVersion = 55;
	objects = {

/* Begin PBXBuildFile section */
		C4AF6A96287EB2770012CBD3 /* LandmarkRow.swift in Sources */ = {isa = PBXBuildFile; fileRef = C4AF6A95287EB2770012CBD3 /* LandmarkRow.swift */; };
		C4AF6A98287EB7200012CBD3 /* LandmarkList.swift in Sources */ = {isa = PBXBuildFile; fileRef = C4AF6A97287EB7200012CBD3 /* LandmarkList.swift */; };
		C4AF6A9E287EBCB20012CBD3 /* landmarkData.json in Resources */ = {isa = PBXBuildFile; fileRef = C4AF6A9D287EBCB20012CBD3 /* landmarkData.json */; };
		C4AF6AA1287EC3ED0012CBD3 /* LandmarkDetail.swift in Sources */ = {isa = PBXBuildFile; fileRef = C4AF6AA0287EC3ED0012CBD3 /* LandmarkDetail.swift */; };
		C4AF6AA4287F52290012CBD3 /* TextMessageView.swift in Sources */ = {isa = PBXBuildFile; fileRef = C4AF6AA3287F52290012CBD3 /* TextMessageView.swift */; };
		C4AF6AA6287F52AD0012CBD3 /* ImageMessage.swift in Sources */ = {isa = PBXBuildFile; fileRef = C4AF6AA5287F52AC0012CBD3 /* ImageMessage.swift */; };
		C4AF6AAA287F55DA0012CBD3 /* TextMessage.swift in Sources */ = {isa = PBXBuildFile; fileRef = C4AF6AA9287F55DA0012CBD3 /* TextMessage.swift */; };
		C4AF6AAC287F605F0012CBD3 /* ImageMessageView.swift in Sources */ = {isa = PBXBuildFile; fileRef = C4AF6AAB287F605F0012CBD3 /* ImageMessageView.swift */; };
		C4F309B8287D487400DFEC99 /* lesson_1App.swift in Sources */ = {isa = PBXBuildFile; fileRef = C4F309B7287D487400DFEC99 /* lesson_1App.swift */; };
		C4F309BA287D487400DFEC99 /* ContentView.swift in Sources */ = {isa = PBXBuildFile; fileRef = C4F309B9287D487400DFEC99 /* ContentView.swift */; };
		C4F309BC287D487600DFEC99 /* Assets.xcassets in Resources */ = {isa = PBXBuildFile; fileRef = C4F309BB287D487600DFEC99 /* Assets.xcassets */; };
		C4F309BF287D487600DFEC99 /* Preview Assets.xcassets in Resources */ = {isa = PBXBuildFile; fileRef = C4F309BE287D487600DFEC99 /* Preview Assets.xcassets */; };
		C4F309C9287D487600DFEC99 /* lesson_1Tests.swift in Sources */ = {isa = PBXBuildFile; fileRef = C4F309C8287D487600DFEC99 /* lesson_1Tests.swift */; };
		C4F309D3287D487600DFEC99 /* lesson_1UITests.swift in Sources */ = {isa = PBXBuildFile; fileRef = C4F309D2287D487600DFEC99 /* lesson_1UITests.swift */; };
		C4F309D5287D487600DFEC99 /* lesson_1UITestsLaunchTests.swift in Sources */ = {isa = PBXBuildFile; fileRef = C4F309D4287D487600DFEC99 /* lesson_1UITestsLaunchTests.swift */; };
		C4F309E2287D4C7A00DFEC99 /* CircleImage.swift in Sources */ = {isa = PBXBuildFile; fileRef = C4F309E1287D4C7A00DFEC99 /* CircleImage.swift */; };
		C4F309E4287D785F00DFEC99 /* MapView.swift in Sources */ = {isa = PBXBuildFile; fileRef = C4F309E3287D785F00DFEC99 /* MapView.swift */; };
		C4F30A86287DD4E700DFEC99 /* Landmark.swift in Sources */ = {isa = PBXBuildFile; fileRef = C4F30A85287DD4E700DFEC99 /* Landmark.swift */; };
		C4F30A88287DD7E800DFEC99 /* ModelData.swift in Sources */ = {isa = PBXBuildFile; fileRef = C4F30A87287DD7E800DFEC99 /* ModelData.swift */; };
/* End PBXBuildFile section */

/* Begin PBXContainerItemProxy section */
		C4F309C5287D487600DFEC99 /* PBXContainerItemProxy */ = {
			isa = PBXContainerItemProxy;
			containerPortal = C4F309AC287D487400DFEC99 /* Project object */;
			proxyType = 1;
			remoteGlobalIDString = C4F309B3287D487400DFEC99;
			remoteInfo = "lesson-1";
		};
		C4F309CF287D487600DFEC99 /* PBXContainerItemProxy */ = {
			isa = PBXContainerItemProxy;
			containerPortal = C4F309AC287D487400DFEC99 /* Project object */;
			proxyType = 1;
			remoteGlobalIDString = C4F309B3287D487400DFEC99;
			remoteInfo = "lesson-1";
		};
/* End PBXContainerItemProxy section */

/* Begin PBXFileReference section */
		C4AF6A95287EB2770012CBD3 /* LandmarkRow.swift */ = {isa = PBXFileReference; lastKnownFileType = sourcecode.swift; path = LandmarkRow.swift; sourceTree = "<group>"; };
		C4AF6A97287EB7200012CBD3 /* LandmarkList.swift */ = {isa = PBXFileReference; lastKnownFileType = sourcecode.swift; path = LandmarkList.swift; sourceTree = "<group>"; };
		C4AF6A9D287EBCB20012CBD3 /* landmarkData.json */ = {isa = PBXFileReference; fileEncoding = 4; lastKnownFileType = text.json; path = landmarkData.json; sourceTree = "<group>"; };
		C4AF6AA0287EC3ED0012CBD3 /* LandmarkDetail.swift */ = {isa = PBXFileReference; lastKnownFileType = sourcecode.swift; path = LandmarkDetail.swift; sourceTree = "<group>"; };
		C4AF6AA3287F52290012CBD3 /* TextMessageView.swift */ = {isa = PBXFileReference; lastKnownFileType = sourcecode.swift; path = TextMessageView.swift; sourceTree = "<group>"; };
		C4AF6AA5287F52AC0012CBD3 /* ImageMessage.swift */ = {isa = PBXFileReference; lastKnownFileType = sourcecode.swift; path = ImageMessage.swift; sourceTree = "<group>"; };
		C4AF6AA9287F55DA0012CBD3 /* TextMessage.swift */ = {isa = PBXFileReference; lastKnownFileType = sourcecode.swift; path = TextMessage.swift; sourceTree = "<group>"; };
		C4AF6AAB287F605F0012CBD3 /* ImageMessageView.swift */ = {isa = PBXFileReference; lastKnownFileType = sourcecode.swift; path = ImageMessageView.swift; sourceTree = "<group>"; };
		C4F309B4287D487400DFEC99 /* lesson-1.app */ = {isa = PBXFileReference; explicitFileType = wrapper.application; includeInIndex = 0; path = "lesson-1.app"; sourceTree = BUILT_PRODUCTS_DIR; };
		C4F309B7287D487400DFEC99 /* lesson_1App.swift */ = {isa = PBXFileReference; lastKnownFileType = sourcecode.swift; path = lesson_1App.swift; sourceTree = "<group>"; };
		C4F309B9287D487400DFEC99 /* ContentView.swift */ = {isa = PBXFileReference; lastKnownFileType = sourcecode.swift; path = ContentView.swift; sourceTree = "<group>"; };
		C4F309BB287D487600DFEC99 /* Assets.xcassets */ = {isa = PBXFileReference; lastKnownFileType = folder.assetcatalog; path = Assets.xcassets; sourceTree = "<group>"; };
		C4F309BE287D487600DFEC99 /* Preview Assets.xcassets */ = {isa = PBXFileReference; lastKnownFileType = folder.assetcatalog; path = "Preview Assets.xcassets"; sourceTree = "<group>"; };
		C4F309C4287D487600DFEC99 /* lesson-1Tests.xctest */ = {isa = PBXFileReference; explicitFileType = wrapper.cfbundle; includeInIndex = 0; path = "lesson-1Tests.xctest"; sourceTree = BUILT_PRODUCTS_DIR; };
		C4F309C8287D487600DFEC99 /* lesson_1Tests.swift */ = {isa = PBXFileReference; lastKnownFileType = sourcecode.swift; path = lesson_1Tests.swift; sourceTree = "<group>"; };
		C4F309CE287D487600DFEC99 /* lesson-1UITests.xctest */ = {isa = PBXFileReference; explicitFileType = wrapper.cfbundle; includeInIndex = 0; path = "lesson-1UITests.xctest"; sourceTree = BUILT_PRODUCTS_DIR; };
		C4F309D2287D487600DFEC99 /* lesson_1UITests.swift */ = {isa = PBXFileReference; lastKnownFileType = sourcecode.swift; path = lesson_1UITests.swift; sourceTree = "<group>"; };
		C4F309D4287D487600DFEC99 /* lesson_1UITestsLaunchTests.swift */ = {isa = PBXFileReference; lastKnownFileType = sourcecode.swift; path = lesson_1UITestsLaunchTests.swift; sourceTree = "<group>"; };
		C4F309E1287D4C7A00DFEC99 /* CircleImage.swift */ = {isa = PBXFileReference; lastKnownFileType = sourcecode.swift; path = CircleImage.swift; sourceTree = "<group>"; };
		C4F309E3287D785F00DFEC99 /* MapView.swift */ = {isa = PBXFileReference; lastKnownFileType = sourcecode.swift; path = MapView.swift; sourceTree = "<group>"; };
		C4F30A85287DD4E700DFEC99 /* Landmark.swift */ = {isa = PBXFileReference; lastKnownFileType = sourcecode.swift; path = Landmark.swift; sourceTree = "<group>"; };
		C4F30A87287DD7E800DFEC99 /* ModelData.swift */ = {isa = PBXFileReference; lastKnownFileType = sourcecode.swift; path = ModelData.swift; sourceTree = "<group>"; };
/* End PBXFileReference section */

/* Begin PBXFrameworksBuildPhase section */
		C4F309B1287D487400DFEC99 /* Frameworks */ = {
			isa = PBXFrameworksBuildPhase;
			buildActionMask = 2147483647;
			files = (
			);
			runOnlyForDeploymentPostprocessing = 0;
		};
		C4F309C1287D487600DFEC99 /* Frameworks */ = {
			isa = PBXFrameworksBuildPhase;
			buildActionMask = 2147483647;
			files = (
			);
			runOnlyForDeploymentPostprocessing = 0;
		};
		C4F309CB287D487600DFEC99 /* Frameworks */ = {
			isa = PBXFrameworksBuildPhase;
			buildActionMask = 2147483647;
			files = (
			);
			runOnlyForDeploymentPostprocessing = 0;
		};
/* End PBXFrameworksBuildPhase section */

/* Begin PBXGroup section */
		C4AF6A92287EB1A40012CBD3 /* Views */ = {
			isa = PBXGroup;
			children = (
				C4F309E1287D4C7A00DFEC99 /* CircleImage.swift */,
				C4F309E3287D785F00DFEC99 /* MapView.swift */,
				C4F309B9287D487400DFEC99 /* ContentView.swift */,
				C4AF6A95287EB2770012CBD3 /* LandmarkRow.swift */,
				C4AF6A97287EB7200012CBD3 /* LandmarkList.swift */,
				C4AF6AA0287EC3ED0012CBD3 /* LandmarkDetail.swift */,
				C4AF6AA3287F52290012CBD3 /* TextMessageView.swift */,
				C4AF6AAB287F605F0012CBD3 /* ImageMessageView.swift */,
			);
			path = Views;
			sourceTree = "<group>";
		};
		C4AF6A94287EB1B40012CBD3 /* Model */ = {
			isa = PBXGroup;
			children = (
				C4F30A85287DD4E700DFEC99 /* Landmark.swift */,
				C4F30A87287DD7E800DFEC99 /* ModelData.swift */,
				C4AF6AA5287F52AC0012CBD3 /* ImageMessage.swift */,
				C4AF6AA9287F55DA0012CBD3 /* TextMessage.swift */,
			);
			path = Model;
			sourceTree = "<group>";
		};
		C4AF6A9F287EBDD70012CBD3 /* Resources */ = {
			isa = PBXGroup;
			children = (
				C4AF6A9D287EBCB20012CBD3 /* landmarkData.json */,
			);
			path = Resources;
			sourceTree = "<group>";
		};
		C4F309AB287D487400DFEC99 = {
			isa = PBXGroup;
			children = (
				C4F309B6287D487400DFEC99 /* lesson-1 */,
				C4F309C7287D487600DFEC99 /* lesson-1Tests */,
				C4F309D1287D487600DFEC99 /* lesson-1UITests */,
				C4F309B5287D487400DFEC99 /* Products */,
			);
			sourceTree = "<group>";
		};
		C4F309B5287D487400DFEC99 /* Products */ = {
			isa = PBXGroup;
			children = (
				C4F309B4287D487400DFEC99 /* lesson-1.app */,
				C4F309C4287D487600DFEC99 /* lesson-1Tests.xctest */,
				C4F309CE287D487600DFEC99 /* lesson-1UITests.xctest */,
			);
			name = Products;
			sourceTree = "<group>";
		};
		C4F309B6287D487400DFEC99 /* lesson-1 */ = {
			isa = PBXGroup;
			children = (
				C4AF6A9F287EBDD70012CBD3 /* Resources */,
				C4AF6A94287EB1B40012CBD3 /* Model */,
				C4AF6A92287EB1A40012CBD3 /* Views */,
				C4F309B7287D487400DFEC99 /* lesson_1App.swift */,
				C4F309BB287D487600DFEC99 /* Assets.xcassets */,
				C4F309BD287D487600DFEC99 /* Preview Content */,
			);
			path = "lesson-1";
			sourceTree = "<group>";
		};
		C4F309BD287D487600DFEC99 /* Preview Content */ = {
			isa = PBXGroup;
			children = (
				C4F309BE287D487600DFEC99 /* Preview Assets.xcassets */,
			);
			path = "Preview Content";
			sourceTree = "<group>";
		};
		C4F309C7287D487600DFEC99 /* lesson-1Tests */ = {
			isa = PBXGroup;
			children = (
				C4F309C8287D487600DFEC99 /* lesson_1Tests.swift */,
			);
			path = "lesson-1Tests";
			sourceTree = "<group>";
		};
		C4F309D1287D487600DFEC99 /* lesson-1UITests */ = {
			isa = PBXGroup;
			children = (
				C4F309D2287D487600DFEC99 /* lesson_1UITests.swift */,
				C4F309D4287D487600DFEC99 /* lesson_1UITestsLaunchTests.swift */,
			);
			path = "lesson-1UITests";
			sourceTree = "<group>";
		};
/* End PBXGroup section */

/* Begin PBXNativeTarget section */
		C4F309B3287D487400DFEC99 /* lesson-1 */ = {
			isa = PBXNativeTarget;
			buildConfigurationList = C4F309D8287D487600DFEC99 /* Build configuration list for PBXNativeTarget "lesson-1" */;
			buildPhases = (
				C4F309B0287D487400DFEC99 /* Sources */,
				C4F309B1287D487400DFEC99 /* Frameworks */,
				C4F309B2287D487400DFEC99 /* Resources */,
			);
			buildRules = (
			);
			dependencies = (
			);
			name = "lesson-1";
			productName = "lesson-1";
			productReference = C4F309B4287D487400DFEC99 /* lesson-1.app */;
			productType = "com.apple.product-type.application";
		};
		C4F309C3287D487600DFEC99 /* lesson-1Tests */ = {
			isa = PBXNativeTarget;
			buildConfigurationList = C4F309DB287D487600DFEC99 /* Build configuration list for PBXNativeTarget "lesson-1Tests" */;
			buildPhases = (
				C4F309C0287D487600DFEC99 /* Sources */,
				C4F309C1287D487600DFEC99 /* Frameworks */,
				C4F309C2287D487600DFEC99 /* Resources */,
			);
			buildRules = (
			);
			dependencies = (
				C4F309C6287D487600DFEC99 /* PBXTargetDependency */,
			);
			name = "lesson-1Tests";
			productName = "lesson-1Tests";
			productReference = C4F309C4287D487600DFEC99 /* lesson-1Tests.xctest */;
			productType = "com.apple.product-type.bundle.unit-test";
		};
		C4F309CD287D487600DFEC99 /* lesson-1UITests */ = {
			isa = PBXNativeTarget;
			buildConfigurationList = C4F309DE287D487600DFEC99 /* Build configuration list for PBXNativeTarget "lesson-1UITests" */;
			buildPhases = (
				C4F309CA287D487600DFEC99 /* Sources */,
				C4F309CB287D487600DFEC99 /* Frameworks */,
				C4F309CC287D487600DFEC99 /* Resources */,
			);
			buildRules = (
			);
			dependencies = (
				C4F309D0287D487600DFEC99 /* PBXTargetDependency */,
			);
			name = "lesson-1UITests";
			productName = "lesson-1UITests";
			productReference = C4F309CE287D487600DFEC99 /* lesson-1UITests.xctest */;
			productType = "com.apple.product-type.bundle.ui-testing";
		};
/* End PBXNativeTarget section */

/* Begin PBXProject section */
		C4F309AC287D487400DFEC99 /* Project object */ = {
			isa = PBXProject;
			attributes = {
				BuildIndependentTargetsInParallel = 1;
				LastSwiftUpdateCheck = 1320;
				LastUpgradeCheck = 1320;
				TargetAttributes = {
					C4F309B3287D487400DFEC99 = {
						CreatedOnToolsVersion = 13.2.1;
					};
					C4F309C3287D487600DFEC99 = {
						CreatedOnToolsVersion = 13.2.1;
						TestTargetID = C4F309B3287D487400DFEC99;
					};
					C4F309CD287D487600DFEC99 = {
						CreatedOnToolsVersion = 13.2.1;
						TestTargetID = C4F309B3287D487400DFEC99;
					};
				};
			};
			buildConfigurationList = C4F309AF287D487400DFEC99 /* Build configuration list for PBXProject "lesson-1" */;
			compatibilityVersion = "Xcode 13.0";
			developmentRegion = en;
			hasScannedForEncodings = 0;
			knownRegions = (
				en,
				Base,
			);
			mainGroup = C4F309AB287D487400DFEC99;
			productRefGroup = C4F309B5287D487400DFEC99 /* Products */;
			projectDirPath = "";
			projectRoot = "";
			targets = (
				C4F309B3287D487400DFEC99 /* lesson-1 */,
				C4F309C3287D487600DFEC99 /* lesson-1Tests */,
				C4F309CD287D487600DFEC99 /* lesson-1UITests */,
			);
		};
/* End PBXProject section */

/* Begin PBXResourcesBuildPhase section */
		C4F309B2287D487400DFEC99 /* Resources */ = {
			isa = PBXResourcesBuildPhase;
			buildActionMask = 2147483647;
			files = (
				C4F309BF287D487600DFEC99 /* Preview Assets.xcassets in Resources */,
				C4F309BC287D487600DFEC99 /* Assets.xcassets in Resources */,
				C4AF6A9E287EBCB20012CBD3 /* landmarkData.json in Resources */,
			);
			runOnlyForDeploymentPostprocessing = 0;
		};
		C4F309C2287D487600DFEC99 /* Resources */ = {
			isa = PBXResourcesBuildPhase;
			buildActionMask = 2147483647;
			files = (
			);
			runOnlyForDeploymentPostprocessing = 0;
		};
		C4F309CC287D487600DFEC99 /* Resources */ = {
			isa = PBXResourcesBuildPhase;
			buildActionMask = 2147483647;
			files = (
			);
			runOnlyForDeploymentPostprocessing = 0;
		};
/* End PBXResourcesBuildPhase section */

/* Begin PBXSourcesBuildPhase section */
		C4F309B0287D487400DFEC99 /* Sources */ = {
			isa = PBXSourcesBuildPhase;
			buildActionMask = 2147483647;
			files = (
				C4AF6AAC287F605F0012CBD3 /* ImageMessageView.swift in Sources */,
				C4AF6AA4287F52290012CBD3 /* TextMessageView.swift in Sources */,
				C4F309BA287D487400DFEC99 /* ContentView.swift in Sources */,
				C4F309E4287D785F00DFEC99 /* MapView.swift in Sources */,
				C4F309B8287D487400DFEC99 /* lesson_1App.swift in Sources */,
				C4AF6AA6287F52AD0012CBD3 /* ImageMessage.swift in Sources */,
				C4AF6A98287EB7200012CBD3 /* LandmarkList.swift in Sources */,
				C4AF6AA1287EC3ED0012CBD3 /* LandmarkDetail.swift in Sources */,
				C4F309E2287D4C7A00DFEC99 /* CircleImage.swift in Sources */,
				C4F30A86287DD4E700DFEC99 /* Landmark.swift in Sources */,
				C4AF6A96287EB2770012CBD3 /* LandmarkRow.swift in Sources */,
				C4AF6AAA287F55DA0012CBD3 /* TextMessage.swift in Sources */,
				C4F30A88287DD7E800DFEC99 /* ModelData.swift in Sources */,
			);
			runOnlyForDeploymentPostprocessing = 0;
		};
		C4F309C0287D487600DFEC99 /* Sources */ = {
			isa = PBXSourcesBuildPhase;
			buildActionMask = 2147483647;
			files = (
				C4F309C9287D487600DFEC99 /* lesson_1Tests.swift in Sources */,
			);
			runOnlyForDeploymentPostprocessing = 0;
		};
		C4F309CA287D487600DFEC99 /* Sources */ = {
			isa = PBXSourcesBuildPhase;
			buildActionMask = 2147483647;
			files = (
				C4F309D5287D487600DFEC99 /* lesson_1UITestsLaunchTests.swift in Sources */,
				C4F309D3287D487600DFEC99 /* lesson_1UITests.swift in Sources */,
			);
			runOnlyForDeploymentPostprocessing = 0;
		};
/* End PBXSourcesBuildPhase section */

/* Begin PBXTargetDependency section */
		C4F309C6287D487600DFEC99 /* PBXTargetDependency */ = {
			isa = PBXTargetDependency;
			target = C4F309B3287D487400DFEC99 /* lesson-1 */;
			targetProxy = C4F309C5287D487600DFEC99 /* PBXContainerItemProxy */;
		};
		C4F309D0287D487600DFEC99 /* PBXTargetDependency */ = {
			isa = PBXTargetDependency;
			target = C4F309B3287D487400DFEC99 /* lesson-1 */;
			targetProxy = C4F309CF287D487600DFEC99 /* PBXContainerItemProxy */;
		};
/* End PBXTargetDependency section */

/* Begin XCBuildConfiguration section */
		C4F309D6287D487600DFEC99 /* Debug */ = {
			isa = XCBuildConfiguration;
			buildSettings = {
				ALWAYS_SEARCH_USER_PATHS = NO;
				CLANG_ANALYZER_NONNULL = YES;
				CLANG_ANALYZER_NUMBER_OBJECT_CONVERSION = YES_AGGRESSIVE;
				CLANG_CXX_LANGUAGE_STANDARD = "gnu++17";
				CLANG_CXX_LIBRARY = "libc++";
				CLANG_ENABLE_MODULES = YES;
				CLANG_ENABLE_OBJC_ARC = YES;
				CLANG_ENABLE_OBJC_WEAK = YES;
				CLANG_WARN_BLOCK_CAPTURE_AUTORELEASING = YES;
				CLANG_WARN_BOOL_CONVERSION = YES;
				CLANG_WARN_COMMA = YES;
				CLANG_WARN_CONSTANT_CONVERSION = YES;
				CLANG_WARN_DEPRECATED_OBJC_IMPLEMENTATIONS = YES;
				CLANG_WARN_DIRECT_OBJC_ISA_USAGE = YES_ERROR;
				CLANG_WARN_DOCUMENTATION_COMMENTS = YES;
				CLANG_WARN_EMPTY_BODY = YES;
				CLANG_WARN_ENUM_CONVERSION = YES;
				CLANG_WARN_INFINITE_RECURSION = YES;
				CLANG_WARN_INT_CONVERSION = YES;
				CLANG_WARN_NON_LITERAL_NULL_CONVERSION = YES;
				CLANG_WARN_OBJC_IMPLICIT_RETAIN_SELF = YES;
				CLANG_WARN_OBJC_LITERAL_CONVERSION = YES;
				CLANG_WARN_OBJC_ROOT_CLASS = YES_ERROR;
				CLANG_WARN_QUOTED_INCLUDE_IN_FRAMEWORK_HEADER = YES;
				CLANG_WARN_RANGE_LOOP_ANALYSIS = YES;
				CLANG_WARN_STRICT_PROTOTYPES = YES;
				CLANG_WARN_SUSPICIOUS_MOVE = YES;
				CLANG_WARN_UNGUARDED_AVAILABILITY = YES_AGGRESSIVE;
				CLANG_WARN_UNREACHABLE_CODE = YES;
				CLANG_WARN__DUPLICATE_METHOD_MATCH = YES;
				COPY_PHASE_STRIP = NO;
				DEBUG_INFORMATION_FORMAT = dwarf;
				ENABLE_STRICT_OBJC_MSGSEND = YES;
				ENABLE_TESTABILITY = YES;
				GCC_C_LANGUAGE_STANDARD = gnu11;
				GCC_DYNAMIC_NO_PIC = NO;
				GCC_NO_COMMON_BLOCKS = YES;
				GCC_OPTIMIZATION_LEVEL = 0;
				GCC_PREPROCESSOR_DEFINITIONS = (
					"DEBUG=1",
					"$(inherited)",
				);
				GCC_WARN_64_TO_32_BIT_CONVERSION = YES;
				GCC_WARN_ABOUT_RETURN_TYPE = YES_ERROR;
				GCC_WARN_UNDECLARED_SELECTOR = YES;
				GCC_WARN_UNINITIALIZED_AUTOS = YES_AGGRESSIVE;
				GCC_WARN_UNUSED_FUNCTION = YES;
				GCC_WARN_UNUSED_VARIABLE = YES;
				IPHONEOS_DEPLOYMENT_TARGET = 15.2;
				MTL_ENABLE_DEBUG_INFO = INCLUDE_SOURCE;
				MTL_FAST_MATH = YES;
				ONLY_ACTIVE_ARCH = YES;
				SDKROOT = iphoneos;
				SWIFT_ACTIVE_COMPILATION_CONDITIONS = DEBUG;
				SWIFT_OPTIMIZATION_LEVEL = "-Onone";
			};
			name = Debug;
		};
		C4F309D7287D487600DFEC99 /* Release */ = {
			isa = XCBuildConfiguration;
			buildSettings = {
				ALWAYS_SEARCH_USER_PATHS = NO;
				CLANG_ANALYZER_NONNULL = YES;
				CLANG_ANALYZER_NUMBER_OBJECT_CONVERSION = YES_AGGRESSIVE;
				CLANG_CXX_LANGUAGE_STANDARD = "gnu++17";
				CLANG_CXX_LIBRARY = "libc++";
				CLANG_ENABLE_MODULES = YES;
				CLANG_ENABLE_OBJC_ARC = YES;
				CLANG_ENABLE_OBJC_WEAK = YES;
				CLANG_WARN_BLOCK_CAPTURE_AUTORELEASING = YES;
				CLANG_WARN_BOOL_CONVERSION = YES;
				CLANG_WARN_COMMA = YES;
				CLANG_WARN_CONSTANT_CONVERSION = YES;
				CLANG_WARN_DEPRECATED_OBJC_IMPLEMENTATIONS = YES;
				CLANG_WARN_DIRECT_OBJC_ISA_USAGE = YES_ERROR;
				CLANG_WARN_DOCUMENTATION_COMMENTS = YES;
				CLANG_WARN_EMPTY_BODY = YES;
				CLANG_WARN_ENUM_CONVERSION = YES;
				CLANG_WARN_INFINITE_RECURSION = YES;
				CLANG_WARN_INT_CONVERSION = YES;
				CLANG_WARN_NON_LITERAL_NULL_CONVERSION = YES;
				CLANG_WARN_OBJC_IMPLICIT_RETAIN_SELF = YES;
				CLANG_WARN_OBJC_LITERAL_CONVERSION = YES;
				CLANG_WARN_OBJC_ROOT_CLASS = YES_ERROR;
				CLANG_WARN_QUOTED_INCLUDE_IN_FRAMEWORK_HEADER = YES;
				CLANG_WARN_RANGE_LOOP_ANALYSIS = YES;
				CLANG_WARN_STRICT_PROTOTYPES = YES;
				CLANG_WARN_SUSPICIOUS_MOVE = YES;
				CLANG_WARN_UNGUARDED_AVAILABILITY = YES_AGGRESSIVE;
				CLANG_WARN_UNREACHABLE_CODE = YES;
				CLANG_WARN__DUPLICATE_METHOD_MATCH = YES;
				COPY_PHASE_STRIP = NO;
				DEBUG_INFORMATION_FORMAT = "dwarf-with-dsym";
				ENABLE_NS_ASSERTIONS = NO;
				ENABLE_STRICT_OBJC_MSGSEND = YES;
				GCC_C_LANGUAGE_STANDARD = gnu11;
				GCC_NO_COMMON_BLOCKS = YES;
				GCC_WARN_64_TO_32_BIT_CONVERSION = YES;
				GCC_WARN_ABOUT_RETURN_TYPE = YES_ERROR;
				GCC_WARN_UNDECLARED_SELECTOR = YES;
				GCC_WARN_UNINITIALIZED_AUTOS = YES_AGGRESSIVE;
				GCC_WARN_UNUSED_FUNCTION = YES;
				GCC_WARN_UNUSED_VARIABLE = YES;
				IPHONEOS_DEPLOYMENT_TARGET = 15.2;
				MTL_ENABLE_DEBUG_INFO = NO;
				MTL_FAST_MATH = YES;
				SDKROOT = iphoneos;
				SWIFT_COMPILATION_MODE = wholemodule;
				SWIFT_OPTIMIZATION_LEVEL = "-O";
				VALIDATE_PRODUCT = YES;
			};
			name = Release;
		};
		C4F309D9287D487600DFEC99 /* Debug */ = {
			isa = XCBuildConfiguration;
			buildSettings = {
				ASSETCATALOG_COMPILER_APPICON_NAME = AppIcon;
				ASSETCATALOG_COMPILER_GLOBAL_ACCENT_COLOR_NAME = AccentColor;
				CODE_SIGN_STYLE = Automatic;
				CURRENT_PROJECT_VERSION = 1;
				DEVELOPMENT_ASSET_PATHS = "\"lesson-1/Preview Content\"";
				DEVELOPMENT_TEAM = Z952L382W9;
				ENABLE_PREVIEWS = YES;
				GENERATE_INFOPLIST_FILE = YES;
				INFOPLIST_KEY_UIApplicationSceneManifest_Generation = YES;
				INFOPLIST_KEY_UIApplicationSupportsIndirectInputEvents = YES;
				INFOPLIST_KEY_UILaunchScreen_Generation = YES;
				INFOPLIST_KEY_UISupportedInterfaceOrientations_iPad = "UIInterfaceOrientationPortrait UIInterfaceOrientationPortraitUpsideDown UIInterfaceOrientationLandscapeLeft UIInterfaceOrientationLandscapeRight";
				INFOPLIST_KEY_UISupportedInterfaceOrientations_iPhone = "UIInterfaceOrientationPortrait UIInterfaceOrientationLandscapeLeft UIInterfaceOrientationLandscapeRight";
				LD_RUNPATH_SEARCH_PATHS = (
					"$(inherited)",
					"@executable_path/Frameworks",
				);
				MARKETING_VERSION = 1.0;
				PRODUCT_BUNDLE_IDENTIFIER = "com.darius.lesson-1";
				PRODUCT_NAME = "$(TARGET_NAME)";
				SWIFT_EMIT_LOC_STRINGS = YES;
				SWIFT_VERSION = 5.0;
				TARGETED_DEVICE_FAMILY = "1,2";
			};
			name = Debug;
		};
		C4F309DA287D487600DFEC99 /* Release */ = {
			isa = XCBuildConfiguration;
			buildSettings = {
				ASSETCATALOG_COMPILER_APPICON_NAME = AppIcon;
				ASSETCATALOG_COMPILER_GLOBAL_ACCENT_COLOR_NAME = AccentColor;
				CODE_SIGN_STYLE = Automatic;
				CURRENT_PROJECT_VERSION = 1;
				DEVELOPMENT_ASSET_PATHS = "\"lesson-1/Preview Content\"";
				DEVELOPMENT_TEAM = Z952L382W9;
				ENABLE_PREVIEWS = YES;
				GENERATE_INFOPLIST_FILE = YES;
				INFOPLIST_KEY_UIApplicationSceneManifest_Generation = YES;
				INFOPLIST_KEY_UIApplicationSupportsIndirectInputEvents = YES;
				INFOPLIST_KEY_UILaunchScreen_Generation = YES;
				INFOPLIST_KEY_UISupportedInterfaceOrientations_iPad = "UIInterfaceOrientationPortrait UIInterfaceOrientationPortraitUpsideDown UIInterfaceOrientationLandscapeLeft UIInterfaceOrientationLandscapeRight";
				INFOPLIST_KEY_UISupportedInterfaceOrientations_iPhone = "UIInterfaceOrientationPortrait UIInterfaceOrientationLandscapeLeft UIInterfaceOrientationLandscapeRight";
				LD_RUNPATH_SEARCH_PATHS = (
					"$(inherited)",
					"@executable_path/Frameworks",
				);
				MARKETING_VERSION = 1.0;
				PRODUCT_BUNDLE_IDENTIFIER = "com.darius.lesson-1";
				PRODUCT_NAME = "$(TARGET_NAME)";
				SWIFT_EMIT_LOC_STRINGS = YES;
				SWIFT_VERSION = 5.0;
				TARGETED_DEVICE_FAMILY = "1,2";
			};
			name = Release;
		};
		C4F309DC287D487600DFEC99 /* Debug */ = {
			isa = XCBuildConfiguration;
			buildSettings = {
				ALWAYS_EMBED_SWIFT_STANDARD_LIBRARIES = YES;
				BUNDLE_LOADER = "$(TEST_HOST)";
				CODE_SIGN_STYLE = Automatic;
				CURRENT_PROJECT_VERSION = 1;
				GENERATE_INFOPLIST_FILE = YES;
				IPHONEOS_DEPLOYMENT_TARGET = 15.2;
				MARKETING_VERSION = 1.0;
				PRODUCT_BUNDLE_IDENTIFIER = "com.darius.lesson-1Tests";
				PRODUCT_NAME = "$(TARGET_NAME)";
				SWIFT_EMIT_LOC_STRINGS = NO;
				SWIFT_VERSION = 5.0;
				TARGETED_DEVICE_FAMILY = "1,2";
				TEST_HOST = "$(BUILT_PRODUCTS_DIR)/lesson-1.app/lesson-1";
			};
			name = Debug;
		};
		C4F309DD287D487600DFEC99 /* Release */ = {
			isa = XCBuildConfiguration;
			buildSettings = {
				ALWAYS_EMBED_SWIFT_STANDARD_LIBRARIES = YES;
				BUNDLE_LOADER = "$(TEST_HOST)";
				CODE_SIGN_STYLE = Automatic;
				CURRENT_PROJECT_VERSION = 1;
				GENERATE_INFOPLIST_FILE = YES;
				IPHONEOS_DEPLOYMENT_TARGET = 15.2;
				MARKETING_VERSION = 1.0;
				PRODUCT_BUNDLE_IDENTIFIER = "com.darius.lesson-1Tests";
				PRODUCT_NAME = "$(TARGET_NAME)";
				SWIFT_EMIT_LOC_STRINGS = NO;
				SWIFT_VERSION = 5.0;
				TARGETED_DEVICE_FAMILY = "1,2";
				TEST_HOST = "$(BUILT_PRODUCTS_DIR)/lesson-1.app/lesson-1";
			};
			name = Release;
		};
		C4F309DF287D487600DFEC99 /* Debug */ = {
			isa = XCBuildConfiguration;
			buildSettings = {
				ALWAYS_EMBED_SWIFT_STANDARD_LIBRARIES = YES;
				CODE_SIGN_STYLE = Automatic;
				CURRENT_PROJECT_VERSION = 1;
				GENERATE_INFOPLIST_FILE = YES;
				MARKETING_VERSION = 1.0;
				PRODUCT_BUNDLE_IDENTIFIER = "com.darius.lesson-1UITests";
				PRODUCT_NAME = "$(TARGET_NAME)";
				SWIFT_EMIT_LOC_STRINGS = NO;
				SWIFT_VERSION = 5.0;
				TARGETED_DEVICE_FAMILY = "1,2";
				TEST_TARGET_NAME = "lesson-1";
			};
			name = Debug;
		};
		C4F309E0287D487600DFEC99 /* Release */ = {
			isa = XCBuildConfiguration;
			buildSettings = {
				ALWAYS_EMBED_SWIFT_STANDARD_LIBRARIES = YES;
				CODE_SIGN_STYLE = Automatic;
				CURRENT_PROJECT_VERSION = 1;
				GENERATE_INFOPLIST_FILE = YES;
				MARKETING_VERSION = 1.0;
				PRODUCT_BUNDLE_IDENTIFIER = "com.darius.lesson-1UITests";
				PRODUCT_NAME = "$(TARGET_NAME)";
				SWIFT_EMIT_LOC_STRINGS = NO;
				SWIFT_VERSION = 5.0;
				TARGETED_DEVICE_FAMILY = "1,2";
				TEST_TARGET_NAME = "lesson-1";
			};
			name = Release;
		};
/* End XCBuildConfiguration section */

/* Begin XCConfigurationList section */
		C4F309AF287D487400DFEC99 /* Build configuration list for PBXProject "lesson-1" */ = {
			isa = XCConfigurationList;
			buildConfigurations = (
				C4F309D6287D487600DFEC99 /* Debug */,
				C4F309D7287D487600DFEC99 /* Release */,
			);
			defaultConfigurationIsVisible = 0;
			defaultConfigurationName = Release;
		};
		C4F309D8287D487600DFEC99 /* Build configuration list for PBXNativeTarget "lesson-1" */ = {
			isa = XCConfigurationList;
			buildConfigurations = (
				C4F309D9287D487600DFEC99 /* Debug */,
				C4F309DA287D487600DFEC99 /* Release */,
			);
			defaultConfigurationIsVisible = 0;
			defaultConfigurationName = Release;
		};
		C4F309DB287D487600DFEC99 /* Build configuration list for PBXNativeTarget "lesson-1Tests" */ = {
			isa = XCConfigurationList;
			buildConfigurations = (
				C4F309DC287D487600DFEC99 /* Debug */,
				C4F309DD287D487600DFEC99 /* Release */,
			);
			defaultConfigurationIsVisible = 0;
			defaultConfigurationName = Release;
		};
		C4F309DE287D487600DFEC99 /* Build configuration list for PBXNativeTarget "lesson-1UITests" */ = {
			isa = XCConfigurationList;
			buildConfigurations = (
				C4F309DF287D487600DFEC99 /* Debug */,
				C4F309E0287D487600DFEC99 /* Release */,
			);
			defaultConfigurationIsVisible = 0;
			defaultConfigurationName = Release;
		};
/* End XCConfigurationList section */
	};
	rootObject = C4F309AC287D487400DFEC99 /* Project object */;
}
